
Microsoft Visual Studio Solution File, Format Version 12.00
# SQL Server Management Studio Version 21
VisualStudioVersion = 17.14.36603.0
MinimumVisualStudioVersion = 10.0.40219.1
Project("{4F2E2C19-372F-40D8-9FA7-9D2138C6997A}") = "SGPN", "SGPN.ssmssqlproj", "{CE4A56E1-1995-9F01-1989-9941B5F28028}"
EndProject
Project("{2150E333-8FDC-42A3-9474-1A3956D46DE8}") = "Modulos", "Modulos", "{02EA681E-C7D8-13C7-8484-4AC65E1B71E8}"
EndProject
Project("{2150E333-8FDC-42A3-9474-1A3956D46DE8}") = "Parques", "Parques", "{C0BE212A-2DC4-4F1D-A5FF-DDB3A8A4B624}"
	ProjectSection(SolutionItems) = preProject
		Modulos\Parques\ABM.sql = Modulos\Parques\ABM.sql
		Modulos\Parques\Generar_provincias_regiones_tipos_parque.sql = Modulos\Parques\Generar_provincias_regiones_tipos_parque.sql
		Modulos\Parques\Importacion.sql = Modulos\Parques\Importacion.sql
		Modulos\Parques\Tablas.sql = Modulos\Parques\Tablas.sql
		Modulos\Parques\Testing.sql = Modulos\Parques\Testing.sql
	EndProjectSection
EndProject
Project("{2150E333-8FDC-42A3-9474-1A3956D46DE8}") = "Empleados", "Empleados", "{9571DDE5-8EDF-4007-B9A9-703393C3718B}"
	ProjectSection(SolutionItems) = preProject
		Modulos\Empleados\ABM.sql = Modulos\Empleados\ABM.sql
		Modulos\Empleados\Generar_datos.sql = Modulos\Empleados\Generar_datos.sql
		Modulos\Empleados\Importacion.sql = Modulos\Empleados\Importacion.sql
		Modulos\Empleados\Tablas.sql = Modulos\Empleados\Tablas.sql
		Modulos\Empleados\Testing.sql = Modulos\Empleados\Testing.sql
	EndProjectSection
EndProject
Project("{2150E333-8FDC-42A3-9474-1A3956D46DE8}") = "Actividades", "Actividades", "{4DF9D534-4687-48EE-B7CF-4556869A802A}"
	ProjectSection(SolutionItems) = preProject
		Modulos\Actividades\ABM.sql = Modulos\Actividades\ABM.sql
		Modulos\Actividades\Tablas.sql = Modulos\Actividades\Tablas.sql
		Modulos\Actividades\Testing.sql = Modulos\Actividades\Testing.sql
	EndProjectSection
EndProject
Project("{2150E333-8FDC-42A3-9474-1A3956D46DE8}") = "Reservas", "Reservas", "{AF293F3A-72EA-43CC-9594-4C385FA1A6E6}"
	ProjectSection(SolutionItems) = preProject
		Modulos\Reservas\ABM.sql = Modulos\Reservas\ABM.sql
		Modulos\Reservas\Tablas.sql = Modulos\Reservas\Tablas.sql
		Modulos\Reservas\Testing.sql = Modulos\Reservas\Testing.sql
	EndProjectSection
EndProject
Project("{2150E333-8FDC-42A3-9474-1A3956D46DE8}") = "Pagos", "Pagos", "{65E62FC6-315D-4B10-A896-1BA2E07CFDEE}"
	ProjectSection(SolutionItems) = preProject
		Modulos\Pagos\ABM.sql = Modulos\Pagos\ABM.sql
		Modulos\Pagos\Tablas.sql = Modulos\Pagos\Tablas.sql
		Modulos\Pagos\Testing.sql = Modulos\Pagos\Testing.sql
	EndProjectSection
EndProject
Project("{2150E333-8FDC-42A3-9474-1A3956D46DE8}") = "Concesiones", "Concesiones", "{1CAE7C1D-5E06-4080-8C03-3CCEEEAD61D2}"
	ProjectSection(SolutionItems) = preProject
		Modulos\Concesiones\ABM.sql = Modulos\Concesiones\ABM.sql
		Modulos\Concesiones\Tablas.sql = Modulos\Concesiones\Tablas.sql
		Modulos\Concesiones\Testing.sql = Modulos\Concesiones\Testing.sql
	EndProjectSection
EndProject
Project("{2150E333-8FDC-42A3-9474-1A3956D46DE8}") = "Elementos de la solución", "Elementos de la solución", "{D107F4C8-89CC-BEA8-D3D7-CA6B7733353D}"
	ProjectSection(SolutionItems) = preProject
		Reinicio.sql = Reinicio.sql
	EndProjectSection
EndProject
Project("{2150E333-8FDC-42A3-9474-1A3956D46DE8}") = "Reportes", "Reportes", "{22D3ED59-CF35-416C-BE02-EAB23912772A}"
	ProjectSection(SolutionItems) = preProject
		APIs.sql = APIs.sql
		Reportes.sql = Reportes.sql
	EndProjectSection
EndProject
Global
	GlobalSection(SolutionConfigurationPlatforms) = preSolution
		Default|Default = Default|Default
	EndGlobalSection
	GlobalSection(ProjectConfigurationPlatforms) = postSolution
		{CE4A56E1-1995-9F01-1989-9941B5F28028}.Default|Default.ActiveCfg = Default
		{5F6FA022-C4D2-48E9-A7A2-286484085C8C}.Default|Default.ActiveCfg = Default
	EndGlobalSection
	GlobalSection(SolutionProperties) = preSolution
		HideSolutionNode = FALSE
	EndGlobalSection
	GlobalSection(NestedProjects) = preSolution
		{C0BE212A-2DC4-4F1D-A5FF-DDB3A8A4B624} = {02EA681E-C7D8-13C7-8484-4AC65E1B71E8}
		{9571DDE5-8EDF-4007-B9A9-703393C3718B} = {02EA681E-C7D8-13C7-8484-4AC65E1B71E8}
		{4DF9D534-4687-48EE-B7CF-4556869A802A} = {02EA681E-C7D8-13C7-8484-4AC65E1B71E8}
		{AF293F3A-72EA-43CC-9594-4C385FA1A6E6} = {02EA681E-C7D8-13C7-8484-4AC65E1B71E8}
		{65E62FC6-315D-4B10-A896-1BA2E07CFDEE} = {02EA681E-C7D8-13C7-8484-4AC65E1B71E8}
		{1CAE7C1D-5E06-4080-8C03-3CCEEEAD61D2} = {02EA681E-C7D8-13C7-8484-4AC65E1B71E8}
	EndGlobalSection
	GlobalSection(ExtensibilityGlobals) = postSolution
		SolutionGuid = {E619910C-FC77-40FF-AB49-EE7E89591B2D}
	EndGlobalSection
EndGlobal
